{
  "nodes": {
    "nixpkgs": {
      "locked": {
        "lastModified": 1788834054,
        "narHash": "sha256-kkWAS4mE+fmi+u3mxwD9/bfX6DGJ49Tv8O9kzN5r0HQ=",
        "rev": "e9b9cbecbf6c25ca26c150d78570e6332694a129",
        "type": "tarball",
        "url": "https://releases.nixos.org/nixpkgs/nixpkgs-26.11pre1069601.e9b9cbecbf6c/nixexprs.tar.xz"
      },
      "original": {
        "id": "nixpkgs",
        "type": "indirect"
      }
    },
    "root": {
      "inputs": {
        "nixpkgs": "nixpkgs"
      }
    }
  },
  "root": "root",
  "version": 7
}
